schema: '2.0'
stages:
  get_data:
    cmd: python src/get_data.py
    deps:
    - path: src/get_data.py
      hash: md5
      md5: e630b6fef2e7f44549a936263d95685d
      size: 623
    outs:
    - path: smsspamcollection
      hash: md5
      md5: 6a96da26fe9ed5d450b58dd97347334e.dir
      size: 687902
      nfiles: 3
  preprocess:
    cmd: python src/text_preprocessing.py
    deps:
    - path: src/text_preprocessing.py
      hash: md5
      md5: ed0b9c3b0ff2d70215f4e58f517a46cf
      size: 2533
    outs:
    - path: output/preprocessed_data.joblib
      hash: md5
      md5: a15915b6b65b2dc3b47c81ccd0e68ae2
      size: 495124
    - path: output/preprocessor.joblib
      hash: md5
      md5: ad7928e20f2933b6c7368d094654b6f5
      size: 192137
  train:
    cmd: python src/text_classification.py
    deps:
    - path: src/text_classification.py
      hash: md5
      md5: e28715690e41bac6efc032395c1c9aa5
      size: 3627
    outs:
    - path: metrics.json
      hash: md5
      md5: f578292b2597925a3227ca4f95902cf2
      size: 32
    - path: output/model.joblib
      hash: md5
      md5: 3122a7c1cd7c8f3ade6a5fea9f7809b7
      size: 15161
